{
  "name": "gnomesyndicate",
  "version": "1.0.0",
  "lockfileVersion": 1,
  "requires": true,
  "dependencies": {
    "accepts": {
      "version": "1.3.4",
      "resolved": "https://oppartifactory.eficode.com/api/npm/op-npm-general/accepts/-/accepts-1.3.4.tgz",
      "integrity": "sha1-hiRnWMfdbSGmR0/whKR0DsBesh8=",
      "requires": {
        "mime-types": "~2.1.16",
        "negotiator": "0.6.1"
      }
    },
    "array-flatten": {
      "version": "1.1.1",
      "resolved": "https://oppartifactory.eficode.com/api/npm/op-npm-general/array-flatten/-/array-flatten-1.1.1.tgz",
      "integrity": "sha1-ml9pkFGx5wczKPKgCJaLZOopVdI="
    },
    "asap": {
      "version": "2.0.6",
      "resolved": "https://oppartifactory.eficode.com/api/npm/op-npm-general/asap/-/asap-2.0.6.tgz",
      "integrity": "sha1-5QNHYR1+aQlDIIu9r+vLwvuGbUY="
    },
    "balanced-match": {
      "version": "1.0.0",
      "resolved": "https://oppartifactory.eficode.com/api/npm/op-npm-general/balanced-match/-/balanced-match-1.0.0.tgz",
      "integrity": "sha1-ibTRmasr7kneFk6gK4nORi1xt2c="
    },
    "body-parser": {
      "version": "1.19.0",
      "resolved": "https://oppartifactory.eficode.com/api/npm/op-npm-general/body-parser/-/body-parser-1.19.0.tgz",
      "integrity": "sha1-lrJwnlfJxOCab9Zqj9l5hE9p8Io=",
      "requires": {
        "bytes": "3.1.0",
        "content-type": "~1.0.4",
        "debug": "2.6.9",
        "depd": "~1.1.2",
        "http-errors": "1.7.2",
        "iconv-lite": "0.4.24",
        "on-finished": "~2.3.0",
        "qs": "6.7.0",
        "raw-body": "2.4.0",
        "type-is": "~1.6.17"
      },
      "dependencies": {
        "bytes": {
          "version": "3.1.0",
          "resolved": "https://oppartifactory.eficode.com/api/npm/op-npm-general/bytes/-/bytes-3.1.0.tgz",
          "integrity": "sha1-9s95M6Ng4FiPqf3oVlHNx/gF0fY="
        },
        "depd": {
          "version": "1.1.2",
          "resolved": "https://oppartifactory.eficode.com/api/npm/op-npm-general/depd/-/depd-1.1.2.tgz",
          "integrity": "sha1-m81S4UwJd2PnSbJ0xDRu0uVgtak="
        },
        "http-errors": {
          "version": "1.7.2",
          "resolved": "https://oppartifactory.eficode.com/api/npm/op-npm-general/http-errors/-/http-errors-1.7.2.tgz",
          "integrity": "sha1-T1ApzxMjnzEDblsuVSkrz7zIXI8=",
          "requires": {
            "depd": "~1.1.2",
            "inherits": "2.0.3",
            "setprototypeof": "1.1.1",
            "statuses": ">= 1.5.0 < 2",
            "toidentifier": "1.0.0"
          }
        },
        "iconv-lite": {
          "version": "0.4.24",
          "resolved": "https://oppartifactory.eficode.com/api/npm/op-npm-general/iconv-lite/-/iconv-lite-0.4.24.tgz",
          "integrity": "sha1-ICK0sl+93CHS9SSXSkdKr+czkIs=",
          "requires": {
            "safer-buffer": ">= 2.1.2 < 3"
          }
        },
        "raw-body": {
          "version": "2.4.0",
          "resolved": "https://oppartifactory.eficode.com/api/npm/op-npm-general/raw-body/-/raw-body-2.4.0.tgz",
          "integrity": "sha1-oc5vucm8NWylLoklarWQWeE9AzI=",
          "requires": {
            "bytes": "3.1.0",
            "http-errors": "1.7.2",
            "iconv-lite": "0.4.24",
            "unpipe": "1.0.0"
          }
        },
        "statuses": {
          "version": "1.5.0",
          "resolved": "https://oppartifactory.eficode.com/api/npm/op-npm-general/statuses/-/statuses-1.5.0.tgz",
          "integrity": "sha1-Fhx9rBd2Wf2YEfQ3cfqZOBR4Yow="
        }
      }
    },
    "brace-expansion": {
      "version": "1.1.8",
      "resolved": "https://oppartifactory.eficode.com/api/npm/op-npm-general/brace-expansion/-/brace-expansion-1.1.8.tgz",
      "integrity": "sha1-wHshHHyVLsH479Uad+8NHTmQopI=",
      "requires": {
        "balanced-match": "^1.0.0",
        "concat-map": "0.0.1"
      }
    },
    "bytes": {
      "version": "3.0.0",
      "resolved": "https://oppartifactory.eficode.com/api/npm/op-npm-general/bytes/-/bytes-3.0.0.tgz",
      "integrity": "sha1-0ygVQE1olpn4Wk6k+odV3ROpYEg="
    },
    "concat-map": {
      "version": "0.0.1",
      "resolved": "https://oppartifactory.eficode.com/api/npm/op-npm-general/concat-map/-/concat-map-0.0.1.tgz",
      "integrity": "sha1-2Klr13/Wjfd5OnMDajug1UBdR3s="
    },
    "content-disposition": {
      "version": "0.5.3",
      "resolved": "https://oppartifactory.eficode.com/api/npm/op-npm-general/content-disposition/-/content-disposition-0.5.3.tgz",
      "integrity": "sha1-4TDK9+cnkIfFYWwgB9BIVpiYT70=",
      "requires": {
        "safe-buffer": "5.1.2"
      },
      "dependencies": {
        "safe-buffer": {
          "version": "5.1.2",
          "resolved": "https://oppartifactory.eficode.com/api/npm/op-npm-general/safe-buffer/-/safe-buffer-5.1.2.tgz",
          "integrity": "sha1-mR7GnSluAxN0fVm9/St0XDX4go0="
        }
      }
    },
    "content-type": {
      "version": "1.0.4",
      "resolved": "https://oppartifactory.eficode.com/api/npm/op-npm-general/content-type/-/content-type-1.0.4.tgz",
      "integrity": "sha1-4TjMdeBAxyexlm/l5fjJruJW/js="
    },
    "cookie": {
      "version": "0.4.0",
      "resolved": "https://oppartifactory.eficode.com/api/npm/op-npm-general/cookie/-/cookie-0.4.0.tgz",
      "integrity": "sha1-vrQ35wIrO21JAZ0IhmUwPr6cFLo="
    },
    "cookie-signature": {
      "version": "1.0.6",
      "resolved": "https://oppartifactory.eficode.com/api/npm/op-npm-general/cookie-signature/-/cookie-signature-1.0.6.tgz",
      "integrity": "sha1-4wOogrNCzD7oylE6eZmXNNqzriw="
    },
    "debug": {
      "version": "2.6.9",
      "resolved": "https://oppartifactory.eficode.com/api/npm/op-npm-general/debug/-/debug-2.6.9.tgz",
      "integrity": "sha1-XRKFFd8TT/Mn6QpMk/Tgd6U2NB8=",
      "requires": {
        "ms": "2.0.0"
      }
    },
    "define-properties": {
      "version": "1.1.3",
      "resolved": "https://oppartifactory.eficode.com/api/npm/op-npm-general/define-properties/-/define-properties-1.1.3.tgz",
      "integrity": "sha1-z4jabL7ib+bbcJT2HYcMvYTO6fE=",
      "requires": {
        "object-keys": "^1.0.12"
      }
    },
    "depd": {
      "version": "1.1.1",
      "resolved": "https://oppartifactory.eficode.com/api/npm/op-npm-general/depd/-/depd-1.1.1.tgz",
      "integrity": "sha1-V4O04cRZ8G+lyif5kfPQbnoxA1k="
    },
    "destroy": {
      "version": "1.0.4",
      "resolved": "https://oppartifactory.eficode.com/api/npm/op-npm-general/destroy/-/destroy-1.0.4.tgz",
      "integrity": "sha1-l4hXRCxEdJ5CBmE+N5RiBYJqvYA="
    },
    "ee-first": {
      "version": "1.1.1",
      "resolved": "https://oppartifactory.eficode.com/api/npm/op-npm-general/ee-first/-/ee-first-1.1.1.tgz",
      "integrity": "sha1-WQxhFWsK4vTwJVcyoViyZrxWsh0="
    },
    "encodeurl": {
      "version": "1.0.2",
      "resolved": "https://oppartifactory.eficode.com/api/npm/op-npm-general/encodeurl/-/encodeurl-1.0.2.tgz",
      "integrity": "sha1-rT/0yG7C0CkyL1oCw6mmBslbP1k="
    },
    "escape-html": {
      "version": "1.0.3",
      "resolved": "https://oppartifactory.eficode.com/api/npm/op-npm-general/escape-html/-/escape-html-1.0.3.tgz",
      "integrity": "sha1-Aljq5NPQwJdN4cFpGI7wBR0dGYg="
    },
    "etag": {
      "version": "1.8.1",
      "resolved": "https://oppartifactory.eficode.com/api/npm/op-npm-general/etag/-/etag-1.8.1.tgz",
      "integrity": "sha1-Qa4u62XvpiJorr/qg6x9eSmbCIc="
    },
    "express": {
      "version": "4.17.1",
      "resolved": "https://oppartifactory.eficode.com/api/npm/op-npm-general/express/-/express-4.17.1.tgz",
      "integrity": "sha1-RJH8OGBc9R+GKdOcK10Cb5ikwTQ=",
      "requires": {
        "accepts": "~1.3.7",
        "array-flatten": "1.1.1",
        "body-parser": "1.19.0",
        "content-disposition": "0.5.3",
        "content-type": "~1.0.4",
        "cookie": "0.4.0",
        "cookie-signature": "1.0.6",
        "debug": "2.6.9",
        "depd": "~1.1.2",
        "encodeurl": "~1.0.2",
        "escape-html": "~1.0.3",
        "etag": "~1.8.1",
        "finalhandler": "~1.1.2",
        "fresh": "0.5.2",
        "merge-descriptors": "1.0.1",
        "methods": "~1.1.2",
        "on-finished": "~2.3.0",
        "parseurl": "~1.3.3",
        "path-to-regexp": "0.1.7",
        "proxy-addr": "~2.0.5",
        "qs": "6.7.0",
        "range-parser": "~1.2.1",
        "safe-buffer": "5.1.2",
        "send": "0.17.1",
        "serve-static": "1.14.1",
        "setprototypeof": "1.1.1",
        "statuses": "~1.5.0",
        "type-is": "~1.6.18",
        "utils-merge": "1.0.1",
        "vary": "~1.1.2"
      },
      "dependencies": {
        "accepts": {
          "version": "1.3.7",
          "resolved": "https://oppartifactory.eficode.com/api/npm/op-npm-general/accepts/-/accepts-1.3.7.tgz",
          "integrity": "sha1-UxvHJlF6OytB+FACHGzBXqq1B80=",
          "requires": {
            "mime-types": "~2.1.24",
            "negotiator": "0.6.2"
          }
        },
        "depd": {
          "version": "1.1.2",
          "resolved": "https://oppartifactory.eficode.com/api/npm/op-npm-general/depd/-/depd-1.1.2.tgz",
          "integrity": "sha1-m81S4UwJd2PnSbJ0xDRu0uVgtak="
        },
        "mime-db": {
          "version": "1.40.0",
          "resolved": "https://oppartifactory.eficode.com/api/npm/op-npm-general/mime-db/-/mime-db-1.40.0.tgz",
          "integrity": "sha1-plBX6ZjbCQ9zKmj2wnbTh9QSbDI="
        },
        "mime-types": {
          "version": "2.1.24",
          "resolved": "https://oppartifactory.eficode.com/api/npm/op-npm-general/mime-types/-/mime-types-2.1.24.tgz",
          "integrity": "sha1-tvjQs+lR77d97eyhlM/20W9nb4E=",
          "requires": {
            "mime-db": "1.40.0"
          }
        },
        "negotiator": {
          "version": "0.6.2",
          "resolved": "https://oppartifactory.eficode.com/api/npm/op-npm-general/negotiator/-/negotiator-0.6.2.tgz",
          "integrity": "sha1-/qz3zPUlp3rpY0Q2pkiD/+yjRvs="
        },
        "safe-buffer": {
          "version": "5.1.2",
          "resolved": "https://oppartifactory.eficode.com/api/npm/op-npm-general/safe-buffer/-/safe-buffer-5.1.2.tgz",
          "integrity": "sha1-mR7GnSluAxN0fVm9/St0XDX4go0="
        },
        "statuses": {
          "version": "1.5.0",
          "resolved": "https://oppartifactory.eficode.com/api/npm/op-npm-general/statuses/-/statuses-1.5.0.tgz",
          "integrity": "sha1-Fhx9rBd2Wf2YEfQ3cfqZOBR4Yow="
        }
      }
    },
    "express-graphql": {
      "version": "0.6.12",
      "resolved": "https://oppartifactory.eficode.com/api/npm/op-npm-general/express-graphql/-/express-graphql-0.6.12.tgz",
      "integrity": "sha1-38sgWMpy7VGQsUCDCtjNv3apEoo=",
      "requires": {
        "accepts": "^1.3.0",
        "content-type": "^1.0.4",
        "http-errors": "^1.3.0",
        "raw-body": "^2.3.2"
      }
    },
    "express-handlebars": {
      "version": "3.1.0",
      "resolved": "https://oppartifactory.eficode.com/api/npm/op-npm-general/express-handlebars/-/express-handlebars-3.1.0.tgz",
      "integrity": "sha1-wXfumoH2oqutprVQt3s+MMa8B5Y=",
      "requires": {
        "glob": "^7.1.3",
        "graceful-fs": "^4.1.2",
        "handlebars": "^4.1.2",
        "object.assign": "^4.1.0",
        "promise": "^8.0.2"
      }
    },
    "finalhandler": {
      "version": "1.1.2",
      "resolved": "https://oppartifactory.eficode.com/api/npm/op-npm-general/finalhandler/-/finalhandler-1.1.2.tgz",
      "integrity": "sha1-t+fQAP/RGTjQ/bBTUG9uur6fWH0=",
      "requires": {
        "debug": "2.6.9",
        "encodeurl": "~1.0.2",
        "escape-html": "~1.0.3",
        "on-finished": "~2.3.0",
        "parseurl": "~1.3.3",
        "statuses": "~1.5.0",
        "unpipe": "~1.0.0"
      },
      "dependencies": {
        "statuses": {
          "version": "1.5.0",
          "resolved": "https://oppartifactory.eficode.com/api/npm/op-npm-general/statuses/-/statuses-1.5.0.tgz",
          "integrity": "sha1-Fhx9rBd2Wf2YEfQ3cfqZOBR4Yow="
        }
      }
    },
    "forwarded": {
      "version": "0.1.2",
      "resolved": "https://oppartifactory.eficode.com/api/npm/op-npm-general/forwarded/-/forwarded-0.1.2.tgz",
      "integrity": "sha1-mMI9qxF1ZXuMBXPozszZGw/xjIQ="
    },
    "fresh": {
      "version": "0.5.2",
      "resolved": "https://oppartifactory.eficode.com/api/npm/op-npm-general/fresh/-/fresh-0.5.2.tgz",
      "integrity": "sha1-PYyt2Q2XZWn6g1qx+OSyOhBWBac="
    },
    "fs.realpath": {
      "version": "1.0.0",
      "resolved": "https://oppartifactory.eficode.com/api/npm/op-npm-general/fs.realpath/-/fs.realpath-1.0.0.tgz",
      "integrity": "sha1-FQStJSMVjKpA20onh8sBQRmU6k8="
    },
    "function-bind": {
      "version": "1.1.1",
      "resolved": "https://oppartifactory.eficode.com/api/npm/op-npm-general/function-bind/-/function-bind-1.1.1.tgz",
      "integrity": "sha1-pWiZ0+o8m6uHS7l3O3xe3pL0iV0="
    },
    "glob": {
      "version": "7.1.4",
      "resolved": "https://oppartifactory.eficode.com/api/npm/op-npm-general/glob/-/glob-7.1.4.tgz",
      "integrity": "sha1-qmCKL2xXetNX4a5aXCbZqNGWklU=",
      "requires": {
        "fs.realpath": "^1.0.0",
        "inflight": "^1.0.4",
        "inherits": "2",
        "minimatch": "^3.0.4",
        "once": "^1.3.0",
        "path-is-absolute": "^1.0.0"
      }
    },
    "graceful-fs": {
      "version": "4.1.11",
      "resolved": "https://oppartifactory.eficode.com/api/npm/op-npm-general/graceful-fs/-/graceful-fs-4.1.11.tgz",
      "integrity": "sha1-Dovf5NHduIVNZOBOp8AOKgJuVlg="
    },
    "graphql": {
      "version": "0.11.7",
      "resolved": "https://oppartifactory.eficode.com/api/npm/op-npm-general/graphql/-/graphql-0.11.7.tgz",
      "integrity": "sha1-5auqnLe3zMuE6fCDa/Q3DSaHUMY=",
      "requires": {
        "iterall": "1.1.3"
      }
    },
    "handlebars": {
      "version": "4.1.2",
      "resolved": "https://oppartifactory.eficode.com/api/npm/op-npm-general/handlebars/-/handlebars-4.1.2.tgz",
      "integrity": "sha1-trN8HO0DBrIh4JT8eso+wjsTG2c=",
      "requires": {
        "neo-async": "^2.6.0",
        "optimist": "^0.6.1",
        "source-map": "^0.6.1",
        "uglify-js": "^3.1.4"
      }
    },
    "has-symbols": {
      "version": "1.0.0",
      "resolved": "https://oppartifactory.eficode.com/api/npm/op-npm-general/has-symbols/-/has-symbols-1.0.0.tgz",
      "integrity": "sha1-uhqPGvKg/DllD1yFA2dwQSIGO0Q="
    },
    "http-errors": {
      "version": "1.6.2",
      "resolved": "https://oppartifactory.eficode.com/api/npm/op-npm-general/http-errors/-/http-errors-1.6.2.tgz",
      "integrity": "sha1-CgAsyFcHGSp+eUbO7cERVfYOxzY=",
      "requires": {
        "depd": "1.1.1",
        "inherits": "2.0.3",
        "setprototypeof": "1.0.3",
        "statuses": ">= 1.3.1 < 2"
      },
      "dependencies": {
        "setprototypeof": {
          "version": "1.0.3",
          "resolved": "https://oppartifactory.eficode.com/api/npm/op-npm-general/setprototypeof/-/setprototypeof-1.0.3.tgz",
          "integrity": "sha1-ZlZ+NwQ+608E2RvWWMDL77VbjgQ="
        }
      }
    },
    "iconv-lite": {
      "version": "0.4.19",
      "resolved": "https://oppartifactory.eficode.com/api/npm/op-npm-general/iconv-lite/-/iconv-lite-0.4.19.tgz",
      "integrity": "sha1-90aPYBNfXl2tM5nAqBvpoWA6CCs="
    },
    "inflight": {
      "version": "1.0.6",
      "resolved": "https://oppartifactory.eficode.com/api/npm/op-npm-general/inflight/-/inflight-1.0.6.tgz",
      "integrity": "sha1-Sb1jMdfQLQwJvJEKEHW6gWW1bfk=",
      "requires": {
        "once": "^1.3.0",
        "wrappy": "1"
      }
    },
    "inherits": {
      "version": "2.0.3",
      "resolved": "https://oppartifactory.eficode.com/api/npm/op-npm-general/inherits/-/inherits-2.0.3.tgz",
      "integrity": "sha1-Yzwsg+PaQqUC9SRmAiSA9CCCYd4="
    },
    "ipaddr.js": {
      "version": "1.9.0",
      "resolved": "https://oppartifactory.eficode.com/api/npm/op-npm-general/ipaddr.js/-/ipaddr.js-1.9.0.tgz",
      "integrity": "sha1-N9905DCg5HVQ/lSi3v4w2KzZX2U="
    },
    "iterall": {
      "version": "1.1.3",
      "resolved": "https://oppartifactory.eficode.com/api/npm/op-npm-general/iterall/-/iterall-1.1.3.tgz",
      "integrity": "sha1-HLv/liBAVt3mZW4u0uIibQ5tcsk="
    },
    "media-typer": {
      "version": "0.3.0",
      "resolved": "https://oppartifactory.eficode.com/api/npm/op-npm-general/media-typer/-/media-typer-0.3.0.tgz",
      "integrity": "sha1-hxDXrwqmJvj/+hzgAWhUUmMlV0g="
    },
    "merge-descriptors": {
      "version": "1.0.1",
      "resolved": "https://oppartifactory.eficode.com/api/npm/op-npm-general/merge-descriptors/-/merge-descriptors-1.0.1.tgz",
      "integrity": "sha1-sAqqVW3YtEVoFQ7J0blT8/kMu2E="
    },
    "methods": {
      "version": "1.1.2",
      "resolved": "https://oppartifactory.eficode.com/api/npm/op-npm-general/methods/-/methods-1.1.2.tgz",
      "integrity": "sha1-VSmk1nZUE07cxSZmVoNbD4Ua/O4="
    },
    "mime": {
      "version": "1.6.0",
      "resolved": "https://oppartifactory.eficode.com/api/npm/op-npm-general/mime/-/mime-1.6.0.tgz",
      "integrity": "sha1-Ms2eXGRVO9WNGaVor0Uqz/BJgbE="
    },
    "mime-db": {
      "version": "1.30.0",
      "resolved": "https://oppartifactory.eficode.com/api/npm/op-npm-general/mime-db/-/mime-db-1.30.0.tgz",
      "integrity": "sha1-dMZD2i3Z1qRTmZY0ZbJtXKfXHwE="
    },
    "mime-types": {
      "version": "2.1.17",
      "resolved": "https://oppartifactory.eficode.com/api/npm/op-npm-general/mime-types/-/mime-types-2.1.17.tgz",
      "integrity": "sha1-Cdejk/A+mVp5+K+Fe3Cp4KsWVXo=",
      "requires": {
        "mime-db": "~1.30.0"
      }
    },
    "minimatch": {
      "version": "3.0.4",
      "resolved": "https://oppartifactory.eficode.com/api/npm/op-npm-general/minimatch/-/minimatch-3.0.4.tgz",
      "integrity": "sha1-UWbihkV/AzBgZL5Ul+jbsMPTIIM=",
      "requires": {
        "brace-expansion": "^1.1.7"
      }
    },
    "minimist": {
      "version": "0.0.10",
      "resolved": "https://oppartifactory.eficode.com/api/npm/op-npm-general/minimist/-/minimist-0.0.10.tgz",
      "integrity": "sha1-3j+YVD2/lggr5IrRoMfNqDYwHc8="
    },
    "ms": {
      "version": "2.0.0",
      "resolved": "https://oppartifactory.eficode.com/api/npm/op-npm-general/ms/-/ms-2.0.0.tgz",
      "integrity": "sha1-VgiurfwAvmwpAd9fmGF4jeDVl8g="
    },
    "negotiator": {
      "version": "0.6.1",
      "resolved": "https://oppartifactory.eficode.com/api/npm/op-npm-general/negotiator/-/negotiator-0.6.1.tgz",
      "integrity": "sha1-KzJxhOiZIQEXeyhWP7XnECrNDKk="
    },
    "neo-async": {
      "version": "2.6.1",
      "resolved": "https://oppartifactory.eficode.com/api/npm/op-npm-general/neo-async/-/neo-async-2.6.1.tgz",
      "integrity": "sha1-rCetpmFn+ohJpq3dg39rGJrSCBw="
    },
    "object-keys": {
      "version": "1.1.1",
      "resolved": "https://oppartifactory.eficode.com/api/npm/op-npm-general/object-keys/-/object-keys-1.1.1.tgz",
      "integrity": "sha1-HEfyct8nfzsdrwYWd9nILiMixg4="
    },
    "object.assign": {
      "version": "4.1.0",
      "resolved": "https://oppartifactory.eficode.com/api/npm/op-npm-general/object.assign/-/object.assign-4.1.0.tgz",
      "integrity": "sha1-lovxEA15Vrs8oIbwBvhGs7xACNo=",
      "requires": {
        "define-properties": "^1.1.2",
        "function-bind": "^1.1.1",
        "has-symbols": "^1.0.0",
        "object-keys": "^1.0.11"
      }
    },
    "on-finished": {
      "version": "2.3.0",
      "resolved": "https://oppartifactory.eficode.com/api/npm/op-npm-general/on-finished/-/on-finished-2.3.0.tgz",
      "integrity": "sha1-IPEzZIGwg811M3mSoWlxqi2QaUc=",
      "requires": {
        "ee-first": "1.1.1"
      }
    },
    "once": {
      "version": "1.4.0",
      "resolved": "https://oppartifactory.eficode.com/api/npm/op-npm-general/once/-/once-1.4.0.tgz",
      "integrity": "sha1-WDsap3WWHUsROsF9nFC6753Xa9E=",
      "requires": {
        "wrappy": "1"
      }
    },
    "optimist": {
      "version": "0.6.1",
      "resolved": "https://oppartifactory.eficode.com/api/npm/op-npm-general/optimist/-/optimist-0.6.1.tgz",
      "integrity": "sha1-2j6nRob6IaGaERwybpDrFaAZZoY=",
      "requires": {
        "minimist": "~0.0.1",
        "wordwrap": "~0.0.2"
      }
    },
    "parseurl": {
      "version": "1.3.3",
      "resolved": "https://oppartifactory.eficode.com/api/npm/op-npm-general/parseurl/-/parseurl-1.3.3.tgz",
      "integrity": "sha1-naGee+6NEt/wUT7Vt2lXeTvC6NQ="
    },
    "path": {
      "version": "0.12.7",
      "resolved": "https://oppartifactory.eficode.com/api/npm/op-npm-general/path/-/path-0.12.7.tgz",
      "integrity": "sha1-1NwqUGxM4hl+tIHr/NWzbAFAsQ8=",
      "requires": {
        "process": "^0.11.1",
        "util": "^0.10.3"
      }
    },
    "path-is-absolute": {
      "version": "1.0.1",
      "resolved": "https://oppartifactory.eficode.com/api/npm/op-npm-general/path-is-absolute/-/path-is-absolute-1.0.1.tgz",
      "integrity": "sha1-F0uSaHNVNP+8es5r9TpanhtcX18="
    },
    "path-to-regexp": {
      "version": "0.1.7",
      "resolved": "https://oppartifactory.eficode.com/api/npm/op-npm-general/path-to-regexp/-/path-to-regexp-0.1.7.tgz",
      "integrity": "sha1-32BBeABfUi8V60SQ5yR6G/qmf4w="
    },
    "process": {
      "version": "0.11.10",
      "resolved": "https://oppartifactory.eficode.com/api/npm/op-npm-general/process/-/process-0.11.10.tgz",
      "integrity": "sha1-czIwDoQBYb2j5podHZGn1LwW8YI="
    },
    "promise": {
      "version": "8.0.3",
      "resolved": "https://oppartifactory.eficode.com/api/npm/op-npm-general/promise/-/promise-8.0.3.tgz",
      "integrity": "sha1-9ZLgmcbN3AANU47nKDuxkEUrC/Y=",
      "requires": {
        "asap": "~2.0.6"
      }
    },
    "proxy-addr": {
      "version": "2.0.5",
      "resolved": "https://oppartifactory.eficode.com/api/npm/op-npm-general/proxy-addr/-/proxy-addr-2.0.5.tgz",
      "integrity": "sha1-NMvWSi2B9LH9IedvnwbIpFKZ7jQ=",
      "requires": {
        "forwarded": "~0.1.2",
        "ipaddr.js": "1.9.0"
      }
    },
    "qs": {
      "version": "6.7.0",
      "resolved": "https://oppartifactory.eficode.com/api/npm/op-npm-general/qs/-/qs-6.7.0.tgz",
      "integrity": "sha1-QdwaAV49WB8WIXdr4xr7KHapsbw="
    },
    "range-parser": {
      "version": "1.2.1",
      "resolved": "https://oppartifactory.eficode.com/api/npm/op-npm-general/range-parser/-/range-parser-1.2.1.tgz",
      "integrity": "sha1-PPNwI9GZ4cJNGlW4SADC8+ZGgDE="
    },
    "raw-body": {
      "version": "2.3.2",
      "resolved": "https://oppartifactory.eficode.com/api/npm/op-npm-general/raw-body/-/raw-body-2.3.2.tgz",
      "integrity": "sha1-vNYMd9Prk83gBQKVw/N5OJvIj4k=",
      "requires": {
        "bytes": "3.0.0",
        "http-errors": "1.6.2",
        "iconv-lite": "0.4.19",
        "unpipe": "1.0.0"
      }
    },
    "safer-buffer": {
      "version": "2.1.2",
      "resolved": "https://oppartifactory.eficode.com/api/npm/op-npm-general/safer-buffer/-/safer-buffer-2.1.2.tgz",
      "integrity": "sha1-RPoWGwGHuVSd2Eu5GAL5vYOFzWo="
    },
    "send": {
      "version": "0.17.1",
      "resolved": "https://oppartifactory.eficode.com/api/npm/op-npm-general/send/-/send-0.17.1.tgz",
      "integrity": "sha1-wdiwWfeQD3Rm3Uk4vcROEd2zdsg=",
      "requires": {
        "debug": "2.6.9",
        "depd": "~1.1.2",
        "destroy": "~1.0.4",
        "encodeurl": "~1.0.2",
        "escape-html": "~1.0.3",
        "etag": "~1.8.1",
        "fresh": "0.5.2",
        "http-errors": "~1.7.2",
        "mime": "1.6.0",
        "ms": "2.1.1",
        "on-finished": "~2.3.0",
        "range-parser": "~1.2.1",
        "statuses": "~1.5.0"
      },
      "dependencies": {
        "depd": {
          "version": "1.1.2",
          "resolved": "https://oppartifactory.eficode.com/api/npm/op-npm-general/depd/-/depd-1.1.2.tgz",
          "integrity": "sha1-m81S4UwJd2PnSbJ0xDRu0uVgtak="
        },
        "http-errors": {
          "version": "1.7.3",
          "resolved": "https://oppartifactory.eficode.com/api/npm/op-npm-general/http-errors/-/http-errors-1.7.3.tgz",
          "integrity": "sha1-bGGeT5xgMIw4UZSYwU+7EKrOuwY=",
          "requires": {
            "depd": "~1.1.2",
            "inherits": "2.0.4",
            "setprototypeof": "1.1.1",
            "statuses": ">= 1.5.0 < 2",
            "toidentifier": "1.0.0"
          }
        },
        "inherits": {
          "version": "2.0.4",
          "resolved": "https://oppartifactory.eficode.com/api/npm/op-npm-general/inherits/-/inherits-2.0.4.tgz",
          "integrity": "sha1-D6LGT5MpF8NDOg3tVTY6rjdBa3w="
        },
        "ms": {
          "version": "2.1.1",
          "resolved": "https://oppartifactory.eficode.com/api/npm/op-npm-general/ms/-/ms-2.1.1.tgz",
          "integrity": "sha1-MKWGTrPrsKZvLr5tcnrwagnYbgo="
        },
        "statuses": {
          "version": "1.5.0",
          "resolved": "https://oppartifactory.eficode.com/api/npm/op-npm-general/statuses/-/statuses-1.5.0.tgz",
          "integrity": "sha1-Fhx9rBd2Wf2YEfQ3cfqZOBR4Yow="
        }
      }
    },
    "serve-static": {
      "version": "1.14.1",
      "resolved": "https://oppartifactory.eficode.com/api/npm/op-npm-general/serve-static/-/serve-static-1.14.1.tgz",
      "integrity": "sha1-Zm5jbcTwEPfvKZcKiKZ0MgiYsvk=",
      "requires": {
        "encodeurl": "~1.0.2",
        "escape-html": "~1.0.3",
        "parseurl": "~1.3.3",
        "send": "0.17.1"
      }
    },
    "setprototypeof": {
      "version": "1.1.1",
      "resolved": "https://oppartifactory.eficode.com/api/npm/op-npm-general/setprototypeof/-/setprototypeof-1.1.1.tgz",
      "integrity": "sha1-fpWsskqpL1iF4KvvW6ExMw1K5oM="
    },
    "source-map": {
      "version": "0.6.1",
      "resolved": "https://oppartifactory.eficode.com/api/npm/op-npm-general/source-map/-/source-map-0.6.1.tgz",
      "integrity": "sha1-dHIq8y6WFOnCh6jQu95IteLxomM="
    },
    "statuses": {
      "version": "1.3.1",
      "resolved": "https://oppartifactory.eficode.com/api/npm/op-npm-general/statuses/-/statuses-1.3.1.tgz",
      "integrity": "sha1-+vUbnrdKrvOzrPStX2Gr8ky3uT4="
    },
    "toidentifier": {
      "version": "1.0.0",
      "resolved": "https://oppartifactory.eficode.com/api/npm/op-npm-general/toidentifier/-/toidentifier-1.0.0.tgz",
      "integrity": "sha1-fhvjRw8ed5SLxD2Uo8j013UrpVM="
    },
    "type-is": {
      "version": "1.6.18",
      "resolved": "https://oppartifactory.eficode.com/api/npm/op-npm-general/type-is/-/type-is-1.6.18.tgz",
      "integrity": "sha1-TlUs0F3wlGfcvE73Od6J8s83wTE=",
      "requires": {
        "media-typer": "0.3.0",
        "mime-types": "~2.1.24"
      },
      "dependencies": {
        "mime-db": {
          "version": "1.40.0",
          "resolved": "https://oppartifactory.eficode.com/api/npm/op-npm-general/mime-db/-/mime-db-1.40.0.tgz",
          "integrity": "sha1-plBX6ZjbCQ9zKmj2wnbTh9QSbDI="
        },
        "mime-types": {
          "version": "2.1.24",
          "resolved": "https://oppartifactory.eficode.com/api/npm/op-npm-general/mime-types/-/mime-types-2.1.24.tgz",
          "integrity": "sha1-tvjQs+lR77d97eyhlM/20W9nb4E=",
          "requires": {
            "mime-db": "1.40.0"
          }
        }
      }
    },
    "uglify-js": {
      "version": "3.6.0",
      "resolved": "https://oppartifactory.eficode.com/api/npm/op-npm-general/uglify-js/-/uglify-js-3.6.0.tgz",
      "integrity": "sha1-cEaBNFxTqLIHn7bOwpSwXq0kL/U=",
      "optional": true,
      "requires": {
        "commander": "~2.20.0",
        "source-map": "~0.6.1"
      },
      "dependencies": {
        "commander": {
          "version": "2.20.0",
          "resolved": "https://oppartifactory.eficode.com/api/npm/op-npm-general/commander/-/commander-2.20.0.tgz",
          "integrity": "sha1-1YuytcHuj4ew00ACfp6U4iLFpCI=",
          "optional": true
        }
      }
    },
    "unpipe": {
      "version": "1.0.0",
      "resolved": "https://oppartifactory.eficode.com/api/npm/op-npm-general/unpipe/-/unpipe-1.0.0.tgz",
      "integrity": "sha1-sr9O6FFKrmFltIF4KdIbLvSZBOw="
    },
    "util": {
      "version": "0.10.3",
      "resolved": "https://oppartifactory.eficode.com/api/npm/op-npm-general/util/-/util-0.10.3.tgz",
      "integrity": "sha1-evsa/lCAUkZInj23/g7TeTNqwPk=",
      "requires": {
        "inherits": "2.0.1"
      },
      "dependencies": {
        "inherits": {
          "version": "2.0.1",
          "resolved": "https://oppartifactory.eficode.com/api/npm/op-npm-general/inherits/-/inherits-2.0.1.tgz",
          "integrity": "sha1-sX0I0ya0Qj5Wjv9xn5GwscvfafE="
        }
      }
    },
    "utils-merge": {
      "version": "1.0.1",
      "resolved": "https://oppartifactory.eficode.com/api/npm/op-npm-general/utils-merge/-/utils-merge-1.0.1.tgz",
      "integrity": "sha1-n5VxD1CiZ5R7LMwSR0HBAoQn5xM="
    },
    "vary": {
      "version": "1.1.2",
      "resolved": "https://oppartifactory.eficode.com/api/npm/op-npm-general/vary/-/vary-1.1.2.tgz",
      "integrity": "sha1-IpnwLG3tMNSllhsLn3RSShj2NPw="
    },
    "wordwrap": {
      "version": "0.0.3",
      "resolved": "https://oppartifactory.eficode.com/api/npm/op-npm-general/wordwrap/-/wordwrap-0.0.3.tgz",
      "integrity": "sha1-o9XabNXAvAAI03I0u68b7WMFkQc="
    },
    "wrappy": {
      "version": "1.0.2",
      "resolved": "https://oppartifactory.eficode.com/api/npm/op-npm-general/wrappy/-/wrappy-1.0.2.tgz",
      "integrity": "sha1-tSQ9jz7BqjXxNkYFvA0QNuMKtp8="
    }
  }
}
